
Microsoft Visual Studio Solution File, Format Version 11.00
# Visual Studio 2010
Project("{FAE04EC0-301F-11D3-BF4B-00C04F79EFBC}") = "Assembly-CSharp", "Assembly-CSharp.csproj", "{d92e566a-4489-dd85-5862-7e3a1b8c1dc2}"
EndProject
Project("{FAE04EC0-301F-11D3-BF4B-00C04F79EFBC}") = "Assembly-CSharp-Editor", "Assembly-CSharp-Editor.csproj", "{6bb44909-e335-17ca-2299-6f15c4ffa106}"
EndProject
Global
	GlobalSection(SolutionConfigurationPlatforms) = preSolution
		Debug|Any CPU = Debug|Any CPU
		Release|Any CPU = Release|Any CPU
	EndGlobalSection
	GlobalSection(ProjectConfigurationPlatforms) = postSolution
		{d92e566a-4489-dd85-5862-7e3a1b8c1dc2}.Debug|Any CPU.ActiveCfg = Debug|Any CPU
		{d92e566a-4489-dd85-5862-7e3a1b8c1dc2}.Debug|Any CPU.Build.0 = Debug|Any CPU
		{d92e566a-4489-dd85-5862-7e3a1b8c1dc2}.Release|Any CPU.ActiveCfg = Release|Any CPU
		{d92e566a-4489-dd85-5862-7e3a1b8c1dc2}.Release|Any CPU.Build.0 = Release|Any CPU
		{6bb44909-e335-17ca-2299-6f15c4ffa106}.Debug|Any CPU.ActiveCfg = Debug|Any CPU
		{6bb44909-e335-17ca-2299-6f15c4ffa106}.Debug|Any CPU.Build.0 = Debug|Any CPU
		{6bb44909-e335-17ca-2299-6f15c4ffa106}.Release|Any CPU.ActiveCfg = Release|Any CPU
		{6bb44909-e335-17ca-2299-6f15c4ffa106}.Release|Any CPU.Build.0 = Release|Any CPU
	EndGlobalSection
	GlobalSection(SolutionProperties) = preSolution
		HideSolutionNode = FALSE
	EndGlobalSection
EndGlobal
